// !$*UTF8*$!
{
	archiveVersion = 1;
	classes = {
	};
	objectVersion = 50;
	objects = {

/* Begin PBXBuildFile section */
		E0B7AF4A2236DACB008E9907 /* BackView.swift in Sources */ = {isa = PBXBuildFile; fileRef = E0B7AF492236DACB008E9907 /* BackView.swift */; };
		E0B7AF4C2237D90D008E9907 /* AvatarImageView.swift in Sources */ = {isa = PBXBuildFile; fileRef = E0B7AF4B2237D90D008E9907 /* AvatarImageView.swift */; };
		E0EC461722316E7300535F42 /* AppDelegate.swift in Sources */ = {isa = PBXBuildFile; fileRef = E0EC461622316E7300535F42 /* AppDelegate.swift */; };
		E0EC461922316E7300535F42 /* ViewController.swift in Sources */ = {isa = PBXBuildFile; fileRef = E0EC461822316E7300535F42 /* ViewController.swift */; };
		E0EC461C22316E7300535F42 /* Main.storyboard in Resources */ = {isa = PBXBuildFile; fileRef = E0EC461A22316E7300535F42 /* Main.storyboard */; };
		E0EC461E22316E7400535F42 /* Assets.xcassets in Resources */ = {isa = PBXBuildFile; fileRef = E0EC461D22316E7400535F42 /* Assets.xcassets */; };
		E0EC462122316E7400535F42 /* LaunchScreen.storyboard in Resources */ = {isa = PBXBuildFile; fileRef = E0EC461F22316E7400535F42 /* LaunchScreen.storyboard */; };
		E0EC46302231E17B00535F42 /* MyFriendsTableViewCell.swift in Sources */ = {isa = PBXBuildFile; fileRef = E0EC462F2231E17B00535F42 /* MyFriendsTableViewCell.swift */; };
		E0EC46322231E1B300535F42 /* MyComTableViewCell.swift in Sources */ = {isa = PBXBuildFile; fileRef = E0EC46312231E1B300535F42 /* MyComTableViewCell.swift */; };
		E0EC46342231E1D100535F42 /* GlobalComTableViewCell.swift in Sources */ = {isa = PBXBuildFile; fileRef = E0EC46332231E1D100535F42 /* GlobalComTableViewCell.swift */; };
		E0EC46362231E20700535F42 /* MyComTableViewController.swift in Sources */ = {isa = PBXBuildFile; fileRef = E0EC46352231E20700535F42 /* MyComTableViewController.swift */; };
		E0EC46382231E22E00535F42 /* GlobalComTableViewController.swift in Sources */ = {isa = PBXBuildFile; fileRef = E0EC46372231E22E00535F42 /* GlobalComTableViewController.swift */; };
		E0EC463A2231E26300535F42 /* MyCollectionViewController.swift in Sources */ = {isa = PBXBuildFile; fileRef = E0EC46392231E26300535F42 /* MyCollectionViewController.swift */; };
		E0EC463C2231E27F00535F42 /* MyCollectionViewCell.swift in Sources */ = {isa = PBXBuildFile; fileRef = E0EC463B2231E27F00535F42 /* MyCollectionViewCell.swift */; };
		E0EC463E2231F4F800535F42 /* MyFriendsTableViewController.swift in Sources */ = {isa = PBXBuildFile; fileRef = E0EC463D2231F4F800535F42 /* MyFriendsTableViewController.swift */; };
/* End PBXBuildFile section */

/* Begin PBXFileReference section */
		E0B7AF492236DACB008E9907 /* BackView.swift */ = {isa = PBXFileReference; lastKnownFileType = sourcecode.swift; path = BackView.swift; sourceTree = "<group>"; };
		E0B7AF4B2237D90D008E9907 /* AvatarImageView.swift */ = {isa = PBXFileReference; lastKnownFileType = sourcecode.swift; path = AvatarImageView.swift; sourceTree = "<group>"; };
		E0EC461322316E7300535F42 /* GB_iOS_UI_Kovalenko_Yevhenii.app */ = {isa = PBXFileReference; explicitFileType = wrapper.application; includeInIndex = 0; path = GB_iOS_UI_Kovalenko_Yevhenii.app; sourceTree = BUILT_PRODUCTS_DIR; };
		E0EC461622316E7300535F42 /* AppDelegate.swift */ = {isa = PBXFileReference; lastKnownFileType = sourcecode.swift; path = AppDelegate.swift; sourceTree = "<group>"; };
		E0EC461822316E7300535F42 /* ViewController.swift */ = {isa = PBXFileReference; lastKnownFileType = sourcecode.swift; path = ViewController.swift; sourceTree = "<group>"; };
		E0EC461B22316E7300535F42 /* Base */ = {isa = PBXFileReference; lastKnownFileType = file.storyboard; name = Base; path = Base.lproj/Main.storyboard; sourceTree = "<group>"; };
		E0EC461D22316E7400535F42 /* Assets.xcassets */ = {isa = PBXFileReference; lastKnownFileType = folder.assetcatalog; path = Assets.xcassets; sourceTree = "<group>"; };
		E0EC462022316E7400535F42 /* Base */ = {isa = PBXFileReference; lastKnownFileType = file.storyboard; name = Base; path = Base.lproj/LaunchScreen.storyboard; sourceTree = "<group>"; };
		E0EC462222316E7400535F42 /* Info.plist */ = {isa = PBXFileReference; lastKnownFileType = text.plist.xml; path = Info.plist; sourceTree = "<group>"; };
		E0EC462F2231E17B00535F42 /* MyFriendsTableViewCell.swift */ = {isa = PBXFileReference; lastKnownFileType = sourcecode.swift; path = MyFriendsTableViewCell.swift; sourceTree = "<group>"; };
		E0EC46312231E1B300535F42 /* MyComTableViewCell.swift */ = {isa = PBXFileReference; lastKnownFileType = sourcecode.swift; path = MyComTableViewCell.swift; sourceTree = "<group>"; };
		E0EC46332231E1D100535F42 /* GlobalComTableViewCell.swift */ = {isa = PBXFileReference; lastKnownFileType = sourcecode.swift; path = GlobalComTableViewCell.swift; sourceTree = "<group>"; };
		E0EC46352231E20700535F42 /* MyComTableViewController.swift */ = {isa = PBXFileReference; lastKnownFileType = sourcecode.swift; path = MyComTableViewController.swift; sourceTree = "<group>"; };
		E0EC46372231E22E00535F42 /* GlobalComTableViewController.swift */ = {isa = PBXFileReference; lastKnownFileType = sourcecode.swift; path = GlobalComTableViewController.swift; sourceTree = "<group>"; };
		E0EC46392231E26300535F42 /* MyCollectionViewController.swift */ = {isa = PBXFileReference; lastKnownFileType = sourcecode.swift; path = MyCollectionViewController.swift; sourceTree = "<group>"; };
		E0EC463B2231E27F00535F42 /* MyCollectionViewCell.swift */ = {isa = PBXFileReference; lastKnownFileType = sourcecode.swift; path = MyCollectionViewCell.swift; sourceTree = "<group>"; };
		E0EC463D2231F4F800535F42 /* MyFriendsTableViewController.swift */ = {isa = PBXFileReference; lastKnownFileType = sourcecode.swift; path = MyFriendsTableViewController.swift; sourceTree = "<group>"; };
/* End PBXFileReference section */

/* Begin PBXFrameworksBuildPhase section */
		E0EC461022316E7300535F42 /* Frameworks */ = {
			isa = PBXFrameworksBuildPhase;
			buildActionMask = 2147483647;
			files = (
			);
			runOnlyForDeploymentPostprocessing = 0;
		};
/* End PBXFrameworksBuildPhase section */

/* Begin PBXGroup section */
		E0B7AF4D2237E4D2008E9907 /* Custom Views */ = {
			isa = PBXGroup;
			children = (
				E0B7AF4B2237D90D008E9907 /* AvatarImageView.swift */,
			);
			path = "Custom Views";
			sourceTree = "<group>";
		};
		E0EC460A22316E7300535F42 = {
			isa = PBXGroup;
			children = (
				E0EC461522316E7300535F42 /* GB_iOS_UI_Kovalenko_Yevhenii */,
				E0EC461422316E7300535F42 /* Products */,
			);
			sourceTree = "<group>";
		};
		E0EC461422316E7300535F42 /* Products */ = {
			isa = PBXGroup;
			children = (
				E0EC461322316E7300535F42 /* GB_iOS_UI_Kovalenko_Yevhenii.app */,
			);
			name = Products;
			sourceTree = "<group>";
		};
		E0EC461522316E7300535F42 /* GB_iOS_UI_Kovalenko_Yevhenii */ = {
			isa = PBXGroup;
			children = (
				E0B7AF4D2237E4D2008E9907 /* Custom Views */,
				E0EC462B2231E08800535F42 /* Friends */,
				E0EC462C2231E0CF00535F42 /* MyCollectionView */,
				E0EC46282231E05500535F42 /* Communities */,
				E0EC461622316E7300535F42 /* AppDelegate.swift */,
				E0EC461822316E7300535F42 /* ViewController.swift */,
				E0EC461A22316E7300535F42 /* Main.storyboard */,
				E0EC461D22316E7400535F42 /* Assets.xcassets */,
				E0EC461F22316E7400535F42 /* LaunchScreen.storyboard */,
				E0EC462222316E7400535F42 /* Info.plist */,
			);
			path = GB_iOS_UI_Kovalenko_Yevhenii;
			sourceTree = "<group>";
		};
		E0EC46282231E05500535F42 /* Communities */ = {
			isa = PBXGroup;
			children = (
				E0EC46292231E06000535F42 /* MyCommunities */,
				E0EC462A2231E06F00535F42 /* GlobalCommunities */,
			);
			path = Communities;
			sourceTree = "<group>";
		};
		E0EC46292231E06000535F42 /* MyCommunities */ = {
			isa = PBXGroup;
			children = (
				E0EC46352231E20700535F42 /* MyComTableViewController.swift */,
				E0EC46312231E1B300535F42 /* MyComTableViewCell.swift */,
			);
			path = MyCommunities;
			sourceTree = "<group>";
		};
		E0EC462A2231E06F00535F42 /* GlobalCommunities */ = {
			isa = PBXGroup;
			children = (
				E0EC46372231E22E00535F42 /* GlobalComTableViewController.swift */,
				E0EC46332231E1D100535F42 /* GlobalComTableViewCell.swift */,
			);
			path = GlobalCommunities;
			sourceTree = "<group>";
		};
		E0EC462B2231E08800535F42 /* Friends */ = {
			isa = PBXGroup;
			children = (
				E0EC463D2231F4F800535F42 /* MyFriendsTableViewController.swift */,
				E0EC462F2231E17B00535F42 /* MyFriendsTableViewCell.swift */,
				E0B7AF492236DACB008E9907 /* BackView.swift */,
			);
			path = Friends;
			sourceTree = "<group>";
		};
		E0EC462C2231E0CF00535F42 /* MyCollectionView */ = {
			isa = PBXGroup;
			children = (
				E0EC46392231E26300535F42 /* MyCollectionViewController.swift */,
				E0EC463B2231E27F00535F42 /* MyCollectionViewCell.swift */,
			);
			path = MyCollectionView;
			sourceTree = "<group>";
		};
/* End PBXGroup section */

/* Begin PBXNativeTarget section */
		E0EC461222316E7300535F42 /* GB_iOS_UI_Kovalenko_Yevhenii */ = {
			isa = PBXNativeTarget;
			buildConfigurationList = E0EC462522316E7400535F42 /* Build configuration list for PBXNativeTarget "GB_iOS_UI_Kovalenko_Yevhenii" */;
			buildPhases = (
				E0EC460F22316E7300535F42 /* Sources */,
				E0EC461022316E7300535F42 /* Frameworks */,
				E0EC461122316E7300535F42 /* Resources */,
			);
			buildRules = (
			);
			dependencies = (
			);
			name = GB_iOS_UI_Kovalenko_Yevhenii;
			productName = GB_iOS_UI_Kovalenko_Yevhenii;
			productReference = E0EC461322316E7300535F42 /* GB_iOS_UI_Kovalenko_Yevhenii.app */;
			productType = "com.apple.product-type.application";
		};
/* End PBXNativeTarget section */

/* Begin PBXProject section */
		E0EC460B22316E7300535F42 /* Project object */ = {
			isa = PBXProject;
			attributes = {
				LastSwiftUpdateCheck = 1010;
				LastUpgradeCheck = 1010;
				ORGANIZATIONNAME = "Vence Berg";
				TargetAttributes = {
					E0EC461222316E7300535F42 = {
						CreatedOnToolsVersion = 10.1;
					};
				};
			};
			buildConfigurationList = E0EC460E22316E7300535F42 /* Build configuration list for PBXProject "GB_iOS_UI_Kovalenko_Yevhenii" */;
			compatibilityVersion = "Xcode 9.3";
			developmentRegion = en;
			hasScannedForEncodings = 0;
			knownRegions = (
				en,
				Base,
			);
			mainGroup = E0EC460A22316E7300535F42;
			productRefGroup = E0EC461422316E7300535F42 /* Products */;
			projectDirPath = "";
			projectRoot = "";
			targets = (
				E0EC461222316E7300535F42 /* GB_iOS_UI_Kovalenko_Yevhenii */,
			);
		};
/* End PBXProject section */

/* Begin PBXResourcesBuildPhase section */
		E0EC461122316E7300535F42 /* Resources */ = {
			isa = PBXResourcesBuildPhase;
			buildActionMask = 2147483647;
			files = (
				E0EC462122316E7400535F42 /* LaunchScreen.storyboard in Resources */,
				E0EC461E22316E7400535F42 /* Assets.xcassets in Resources */,
				E0EC461C22316E7300535F42 /* Main.storyboard in Resources */,
			);
			runOnlyForDeploymentPostprocessing = 0;
		};
/* End PBXResourcesBuildPhase section */

/* Begin PBXSourcesBuildPhase section */
		E0EC460F22316E7300535F42 /* Sources */ = {
			isa = PBXSourcesBuildPhase;
			buildActionMask = 2147483647;
			files = (
				E0B7AF4A2236DACB008E9907 /* BackView.swift in Sources */,
				E0EC46342231E1D100535F42 /* GlobalComTableViewCell.swift in Sources */,
				E0EC461922316E7300535F42 /* ViewController.swift in Sources */,
				E0B7AF4C2237D90D008E9907 /* AvatarImageView.swift in Sources */,
				E0EC461722316E7300535F42 /* AppDelegate.swift in Sources */,
				E0EC46322231E1B300535F42 /* MyComTableViewCell.swift in Sources */,
				E0EC46382231E22E00535F42 /* GlobalComTableViewController.swift in Sources */,
				E0EC463E2231F4F800535F42 /* MyFriendsTableViewController.swift in Sources */,
				E0EC463A2231E26300535F42 /* MyCollectionViewController.swift in Sources */,
				E0EC463C2231E27F00535F42 /* MyCollectionViewCell.swift in Sources */,
				E0EC46362231E20700535F42 /* MyComTableViewController.swift in Sources */,
				E0EC46302231E17B00535F42 /* MyFriendsTableViewCell.swift in Sources */,
			);
			runOnlyForDeploymentPostprocessing = 0;
		};
/* End PBXSourcesBuildPhase section */

/* Begin PBXVariantGroup section */
		E0EC461A22316E7300535F42 /* Main.storyboard */ = {
			isa = PBXVariantGroup;
			children = (
				E0EC461B22316E7300535F42 /* Base */,
			);
			name = Main.storyboard;
			sourceTree = "<group>";
		};
		E0EC461F22316E7400535F42 /* LaunchScreen.storyboard */ = {
			isa = PBXVariantGroup;
			children = (
				E0EC462022316E7400535F42 /* Base */,
			);
			name = LaunchScreen.storyboard;
			sourceTree = "<group>";
		};
/* End PBXVariantGroup section */

/* Begin XCBuildConfiguration section */
		E0EC462322316E7400535F42 /* Debug */ = {
			isa = XCBuildConfiguration;
			buildSettings = {
				ALWAYS_SEARCH_USER_PATHS = NO;
				CLANG_ANALYZER_NONNULL = YES;
				CLANG_ANALYZER_NUMBER_OBJECT_CONVERSION = YES_AGGRESSIVE;
				CLANG_CXX_LANGUAGE_STANDARD = "gnu++14";
				CLANG_CXX_LIBRARY = "libc++";
				CLANG_ENABLE_MODULES = YES;
				CLANG_ENABLE_OBJC_ARC = YES;
				CLANG_ENABLE_OBJC_WEAK = YES;
				CLANG_WARN_BLOCK_CAPTURE_AUTORELEASING = YES;
				CLANG_WARN_BOOL_CONVERSION = YES;
				CLANG_WARN_COMMA = YES;
				CLANG_WARN_CONSTANT_CONVERSION = YES;
				CLANG_WARN_DEPRECATED_OBJC_IMPLEMENTATIONS = YES;
				CLANG_WARN_DIRECT_OBJC_ISA_USAGE = YES_ERROR;
				CLANG_WARN_DOCUMENTATION_COMMENTS = YES;
				CLANG_WARN_EMPTY_BODY = YES;
				CLANG_WARN_ENUM_CONVERSION = YES;
				CLANG_WARN_INFINITE_RECURSION = YES;
				CLANG_WARN_INT_CONVERSION = YES;
				CLANG_WARN_NON_LITERAL_NULL_CONVERSION = YES;
				CLANG_WARN_OBJC_IMPLICIT_RETAIN_SELF = YES;
				CLANG_WARN_OBJC_LITERAL_CONVERSION = YES;
				CLANG_WARN_OBJC_ROOT_CLASS = YES_ERROR;
				CLANG_WARN_RANGE_LOOP_ANALYSIS = YES;
				CLANG_WARN_STRICT_PROTOTYPES = YES;
				CLANG_WARN_SUSPICIOUS_MOVE = YES;
				CLANG_WARN_UNGUARDED_AVAILABILITY = YES_AGGRESSIVE;
				CLANG_WARN_UNREACHABLE_CODE = YES;
				CLANG_WARN__DUPLICATE_METHOD_MATCH = YES;
				CODE_SIGN_IDENTITY = "iPhone Developer";
				COPY_PHASE_STRIP = NO;
				DEBUG_INFORMATION_FORMAT = dwarf;
				ENABLE_STRICT_OBJC_MSGSEND = YES;
				ENABLE_TESTABILITY = YES;
				GCC_C_LANGUAGE_STANDARD = gnu11;
				GCC_DYNAMIC_NO_PIC = NO;
				GCC_NO_COMMON_BLOCKS = YES;
				GCC_OPTIMIZATION_LEVEL = 0;
				GCC_PREPROCESSOR_DEFINITIONS = (
					"DEBUG=1",
					"$(inherited)",
				);
				GCC_WARN_64_TO_32_BIT_CONVERSION = YES;
				GCC_WARN_ABOUT_RETURN_TYPE = YES_ERROR;
				GCC_WARN_UNDECLARED_SELECTOR = YES;
				GCC_WARN_UNINITIALIZED_AUTOS = YES_AGGRESSIVE;
				GCC_WARN_UNUSED_FUNCTION = YES;
				GCC_WARN_UNUSED_VARIABLE = YES;
				IPHONEOS_DEPLOYMENT_TARGET = 12.1;
				MTL_ENABLE_DEBUG_INFO = INCLUDE_SOURCE;
				MTL_FAST_MATH = YES;
				ONLY_ACTIVE_ARCH = YES;
				SDKROOT = iphoneos;
				SWIFT_ACTIVE_COMPILATION_CONDITIONS = DEBUG;
				SWIFT_OPTIMIZATION_LEVEL = "-Onone";
			};
			name = Debug;
		};
		E0EC462422316E7400535F42 /* Release */ = {
			isa = XCBuildConfiguration;
			buildSettings = {
				ALWAYS_SEARCH_USER_PATHS = NO;
				CLANG_ANALYZER_NONNULL = YES;
				CLANG_ANALYZER_NUMBER_OBJECT_CONVERSION = YES_AGGRESSIVE;
				CLANG_CXX_LANGUAGE_STANDARD = "gnu++14";
				CLANG_CXX_LIBRARY = "libc++";
				CLANG_ENABLE_MODULES = YES;
				CLANG_ENABLE_OBJC_ARC = YES;
				CLANG_ENABLE_OBJC_WEAK = YES;
				CLANG_WARN_BLOCK_CAPTURE_AUTORELEASING = YES;
				CLANG_WARN_BOOL_CONVERSION = YES;
				CLANG_WARN_COMMA = YES;
				CLANG_WARN_CONSTANT_CONVERSION = YES;
				CLANG_WARN_DEPRECATED_OBJC_IMPLEMENTATIONS = YES;
				CLANG_WARN_DIRECT_OBJC_ISA_USAGE = YES_ERROR;
				CLANG_WARN_DOCUMENTATION_COMMENTS = YES;
				CLANG_WARN_EMPTY_BODY = YES;
				CLANG_WARN_ENUM_CONVERSION = YES;
				CLANG_WARN_INFINITE_RECURSION = YES;
				CLANG_WARN_INT_CONVERSION = YES;
				CLANG_WARN_NON_LITERAL_NULL_CONVERSION = YES;
				CLANG_WARN_OBJC_IMPLICIT_RETAIN_SELF = YES;
				CLANG_WARN_OBJC_LITERAL_CONVERSION = YES;
				CLANG_WARN_OBJC_ROOT_CLASS = YES_ERROR;
				CLANG_WARN_RANGE_LOOP_ANALYSIS = YES;
				CLANG_WARN_STRICT_PROTOTYPES = YES;
				CLANG_WARN_SUSPICIOUS_MOVE = YES;
				CLANG_WARN_UNGUARDED_AVAILABILITY = YES_AGGRESSIVE;
				CLANG_WARN_UNREACHABLE_CODE = YES;
				CLANG_WARN__DUPLICATE_METHOD_MATCH = YES;
				CODE_SIGN_IDENTITY = "iPhone Developer";
				COPY_PHASE_STRIP = NO;
				DEBUG_INFORMATION_FORMAT = "dwarf-with-dsym";
				ENABLE_NS_ASSERTIONS = NO;
				ENABLE_STRICT_OBJC_MSGSEND = YES;
				GCC_C_LANGUAGE_STANDARD = gnu11;
				GCC_NO_COMMON_BLOCKS = YES;
				GCC_WARN_64_TO_32_BIT_CONVERSION = YES;
				GCC_WARN_ABOUT_RETURN_TYPE = YES_ERROR;
				GCC_WARN_UNDECLARED_SELECTOR = YES;
				GCC_WARN_UNINITIALIZED_AUTOS = YES_AGGRESSIVE;
				GCC_WARN_UNUSED_FUNCTION = YES;
				GCC_WARN_UNUSED_VARIABLE = YES;
				IPHONEOS_DEPLOYMENT_TARGET = 12.1;
				MTL_ENABLE_DEBUG_INFO = NO;
				MTL_FAST_MATH = YES;
				SDKROOT = iphoneos;
				SWIFT_COMPILATION_MODE = wholemodule;
				SWIFT_OPTIMIZATION_LEVEL = "-O";
				VALIDATE_PRODUCT = YES;
			};
			name = Release;
		};
		E0EC462622316E7400535F42 /* Debug */ = {
			isa = XCBuildConfiguration;
			buildSettings = {
				ASSETCATALOG_COMPILER_APPICON_NAME = AppIcon;
				CODE_SIGN_STYLE = Automatic;
				DEVELOPMENT_TEAM = U7CM2DUL48;
				INFOPLIST_FILE = GB_iOS_UI_Kovalenko_Yevhenii/Info.plist;
				LD_RUNPATH_SEARCH_PATHS = (
					"$(inherited)",
					"@executable_path/Frameworks",
				);
				PRODUCT_BUNDLE_IDENTIFIER = "Vence.GB-iOS-UI-Kovalenko-Yevhenii";
				PRODUCT_NAME = "$(TARGET_NAME)";
				SWIFT_VERSION = 4.2;
				TARGETED_DEVICE_FAMILY = "1,2";
			};
			name = Debug;
		};
		E0EC462722316E7400535F42 /* Release */ = {
			isa = XCBuildConfiguration;
			buildSettings = {
				ASSETCATALOG_COMPILER_APPICON_NAME = AppIcon;
				CODE_SIGN_STYLE = Automatic;
				DEVELOPMENT_TEAM = U7CM2DUL48;
				INFOPLIST_FILE = GB_iOS_UI_Kovalenko_Yevhenii/Info.plist;
				LD_RUNPATH_SEARCH_PATHS = (
					"$(inherited)",
					"@executable_path/Frameworks",
				);
				PRODUCT_BUNDLE_IDENTIFIER = "Vence.GB-iOS-UI-Kovalenko-Yevhenii";
				PRODUCT_NAME = "$(TARGET_NAME)";
				SWIFT_VERSION = 4.2;
				TARGETED_DEVICE_FAMILY = "1,2";
			};
			name = Release;
		};
/* End XCBuildConfiguration section */

/* Begin XCConfigurationList section */
		E0EC460E22316E7300535F42 /* Build configuration list for PBXProject "GB_iOS_UI_Kovalenko_Yevhenii" */ = {
			isa = XCConfigurationList;
			buildConfigurations = (
				E0EC462322316E7400535F42 /* Debug */,
				E0EC462422316E7400535F42 /* Release */,
			);
			defaultConfigurationIsVisible = 0;
			defaultConfigurationName = Release;
		};
		E0EC462522316E7400535F42 /* Build configuration list for PBXNativeTarget "GB_iOS_UI_Kovalenko_Yevhenii" */ = {
			isa = XCConfigurationList;
			buildConfigurations = (
				E0EC462622316E7400535F42 /* Debug */,
				E0EC462722316E7400535F42 /* Release */,
			);
			defaultConfigurationIsVisible = 0;
			defaultConfigurationName = Release;
		};
/* End XCConfigurationList section */
	};
	rootObject = E0EC460B22316E7300535F42 /* Project object */;
}
